
Microsoft Visual Studio Solution File, Format Version 12.00
# Visual Studio Version 16
VisualStudioVersion = 16.0.30114.105
MinimumVisualStudioVersion = 10.0.40219.1
Project("{FAE04EC0-301F-11D3-BF4B-00C04F79EFBC}") = "Jag.AdventOfCode", "Jag.AdventOfCode\Jag.AdventOfCode.csproj", "{075AFADF-A325-4A73-99C4-D78E5C9D02DD}"
EndProject
Project("{FAE04EC0-301F-11D3-BF4B-00C04F79EFBC}") = "Jag.AdventOfCode.Tests", "Jag.AdventOfCode.Tests\Jag.AdventOfCode.Tests.csproj", "{0D2D764E-BBF7-4628-AD0C-95AF2FC393F5}"
EndProject
Project("{FAE04EC0-301F-11D3-BF4B-00C04F79EFBC}") = "Jag.AdventOfCode.Runner", "Jag.AdventOfCode.Runner\Jag.AdventOfCode.Runner.csproj", "{D8C4E910-5DCF-41AA-9B11-B2158A13419E}"
EndProject
Global
	GlobalSection(SolutionConfigurationPlatforms) = preSolution
		Debug|Any CPU = Debug|Any CPU
		Debug|x64 = Debug|x64
		Debug|x86 = Debug|x86
		Release|Any CPU = Release|Any CPU
		Release|x64 = Release|x64
		Release|x86 = Release|x86
	EndGlobalSection
	GlobalSection(SolutionProperties) = preSolution
		HideSolutionNode = FALSE
	EndGlobalSection
	GlobalSection(ProjectConfigurationPlatforms) = postSolution
		{075AFADF-A325-4A73-99C4-D78E5C9D02DD}.Debug|Any CPU.ActiveCfg = Debug|Any CPU
		{075AFADF-A325-4A73-99C4-D78E5C9D02DD}.Debug|Any CPU.Build.0 = Debug|Any CPU
		{075AFADF-A325-4A73-99C4-D78E5C9D02DD}.Debug|x64.ActiveCfg = Debug|Any CPU
		{075AFADF-A325-4A73-99C4-D78E5C9D02DD}.Debug|x64.Build.0 = Debug|Any CPU
		{075AFADF-A325-4A73-99C4-D78E5C9D02DD}.Debug|x86.ActiveCfg = Debug|Any CPU
		{075AFADF-A325-4A73-99C4-D78E5C9D02DD}.Debug|x86.Build.0 = Debug|Any CPU
		{075AFADF-A325-4A73-99C4-D78E5C9D02DD}.Release|Any CPU.ActiveCfg = Release|Any CPU
		{075AFADF-A325-4A73-99C4-D78E5C9D02DD}.Release|Any CPU.Build.0 = Release|Any CPU
		{075AFADF-A325-4A73-99C4-D78E5C9D02DD}.Release|x64.ActiveCfg = Release|Any CPU
		{075AFADF-A325-4A73-99C4-D78E5C9D02DD}.Release|x64.Build.0 = Release|Any CPU
		{075AFADF-A325-4A73-99C4-D78E5C9D02DD}.Release|x86.ActiveCfg = Release|Any CPU
		{075AFADF-A325-4A73-99C4-D78E5C9D02DD}.Release|x86.Build.0 = Release|Any CPU
		{0D2D764E-BBF7-4628-AD0C-95AF2FC393F5}.Debug|Any CPU.ActiveCfg = Debug|Any CPU
		{0D2D764E-BBF7-4628-AD0C-95AF2FC393F5}.Debug|Any CPU.Build.0 = Debug|Any CPU
		{0D2D764E-BBF7-4628-AD0C-95AF2FC393F5}.Debug|x64.ActiveCfg = Debug|Any CPU
		{0D2D764E-BBF7-4628-AD0C-95AF2FC393F5}.Debug|x64.Build.0 = Debug|Any CPU
		{0D2D764E-BBF7-4628-AD0C-95AF2FC393F5}.Debug|x86.ActiveCfg = Debug|Any CPU
		{0D2D764E-BBF7-4628-AD0C-95AF2FC393F5}.Debug|x86.Build.0 = Debug|Any CPU
		{0D2D764E-BBF7-4628-AD0C-95AF2FC393F5}.Release|Any CPU.ActiveCfg = Release|Any CPU
		{0D2D764E-BBF7-4628-AD0C-95AF2FC393F5}.Release|Any CPU.Build.0 = Release|Any CPU
		{0D2D764E-BBF7-4628-AD0C-95AF2FC393F5}.Release|x64.ActiveCfg = Release|Any CPU
		{0D2D764E-BBF7-4628-AD0C-95AF2FC393F5}.Release|x64.Build.0 = Release|Any CPU
		{0D2D764E-BBF7-4628-AD0C-95AF2FC393F5}.Release|x86.ActiveCfg = Release|Any CPU
		{0D2D764E-BBF7-4628-AD0C-95AF2FC393F5}.Release|x86.Build.0 = Release|Any CPU
		{D8C4E910-5DCF-41AA-9B11-B2158A13419E}.Debug|Any CPU.ActiveCfg = Debug|Any CPU
		{D8C4E910-5DCF-41AA-9B11-B2158A13419E}.Debug|Any CPU.Build.0 = Debug|Any CPU
		{D8C4E910-5DCF-41AA-9B11-B2158A13419E}.Debug|x64.ActiveCfg = Debug|Any CPU
		{D8C4E910-5DCF-41AA-9B11-B2158A13419E}.Debug|x64.Build.0 = Debug|Any CPU
		{D8C4E910-5DCF-41AA-9B11-B2158A13419E}.Debug|x86.ActiveCfg = Debug|Any CPU
		{D8C4E910-5DCF-41AA-9B11-B2158A13419E}.Debug|x86.Build.0 = Debug|Any CPU
		{D8C4E910-5DCF-41AA-9B11-B2158A13419E}.Release|Any CPU.ActiveCfg = Release|Any CPU
		{D8C4E910-5DCF-41AA-9B11-B2158A13419E}.Release|Any CPU.Build.0 = Release|Any CPU
		{D8C4E910-5DCF-41AA-9B11-B2158A13419E}.Release|x64.ActiveCfg = Release|Any CPU
		{D8C4E910-5DCF-41AA-9B11-B2158A13419E}.Release|x64.Build.0 = Release|Any CPU
		{D8C4E910-5DCF-41AA-9B11-B2158A13419E}.Release|x86.ActiveCfg = Release|Any CPU
		{D8C4E910-5DCF-41AA-9B11-B2158A13419E}.Release|x86.Build.0 = Release|Any CPU
	EndGlobalSection
EndGlobal
